
Microsoft Visual Studio Solution File, Format Version 12.00
# Visual Studio Version 17
VisualStudioVersion = 17.5.002.0
MinimumVisualStudioVersion = 10.0.40219.1
Project("{9A19103F-16F7-4668-BE54-9A1E7A4F7556}") = "dapp.Client", "dapp.Client.csproj", "{2B4B7951-6635-44B0-A742-9FDF714ED852}"
EndProject
Global
	GlobalSection(SolutionConfigurationPlatforms) = preSolution
		Debug|Any CPU = Debug|Any CPU
		Release|Any CPU = Release|Any CPU
	EndGlobalSection
	GlobalSection(ProjectConfigurationPlatforms) = postSolution
		{2B4B7951-6635-44B0-A742-9FDF714ED852}.Debug|Any CPU.ActiveCfg = Debug|Any CPU
		{2B4B7951-6635-44B0-A742-9FDF714ED852}.Debug|Any CPU.Build.0 = Debug|Any CPU
		{2B4B7951-6635-44B0-A742-9FDF714ED852}.Release|Any CPU.ActiveCfg = Release|Any CPU
		{2B4B7951-6635-44B0-A742-9FDF714ED852}.Release|Any CPU.Build.0 = Release|Any CPU
	EndGlobalSection
	GlobalSection(SolutionProperties) = preSolution
		HideSolutionNode = FALSE
	EndGlobalSection
	GlobalSection(ExtensibilityGlobals) = postSolution
		SolutionGuid = {A9430921-7147-4681-88A6-D0EF71C5A9B2}
	EndGlobalSection
EndGlobal
